{
  "version": 4,
  "terraform_version": "0.13.4",
  "serial": 2,
  "lineage": "b38ddd0c-03cc-2d7b-bc47-1d925015edd8",
  "outputs": {},
  "resources": [
    {
      "module": "module.bucket",
      "mode": "managed",
      "type": "google_storage_bucket",
      "name": "terra-bucket",
      "provider": "provider[\"registry.terraform.io/hashicorp/google\"]",
      "instances": [
        {
          "status": "tainted",
          "schema_version": 0,
          "attributes": {
            "bucket_policy_only": false,
            "cors": [],
            "default_event_based_hold": false,
            "encryption": [],
            "force_destroy": true,
            "id": "whosane-default",
            "labels": null,
            "lifecycle_rule": [],
            "location": "US",
            "logging": [],
            "name": "whosane-default",
            "project": "shining-expanse-269316",
            "requester_pays": false,
            "retention_policy": [],
            "self_link": "https://www.googleapis.com/storage/v1/b/whosane-default",
            "storage_class": "STANDARD",
            "uniform_bucket_level_access": false,
            "url": "gs://whosane-default",
            "versioning": [],
            "website": []
          },
          "private": "bnVsbA=="
        }
      ]
    }
  ]
}
